
Microsoft Visual Studio Solution File, Format Version 12.00
# Visual Studio Version 16
VisualStudioVersion = 16.0.30503.244
MinimumVisualStudioVersion = 10.0.40219.1
Project("{8BC9CEB8-8B4A-11D0-8D11-00A0C91BC942}") = "РГЗ_Sorting with_a_comb", "РГЗ_Sorting with_a_comb\РГЗ_Sorting with_a_comb.vcxproj", "{D0367206-FC33-40A3-A3D1-58338CE0FAED}"
EndProject
Global
	GlobalSection(SolutionConfigurationPlatforms) = preSolution
		Debug|x64 = Debug|x64
		Debug|x86 = Debug|x86
		Release|x64 = Release|x64
		Release|x86 = Release|x86
	EndGlobalSection
	GlobalSection(ProjectConfigurationPlatforms) = postSolution
		{D0367206-FC33-40A3-A3D1-58338CE0FAED}.Debug|x64.ActiveCfg = Debug|x64
		{D0367206-FC33-40A3-A3D1-58338CE0FAED}.Debug|x64.Build.0 = Debug|x64
		{D0367206-FC33-40A3-A3D1-58338CE0FAED}.Debug|x86.ActiveCfg = Debug|Win32
		{D0367206-FC33-40A3-A3D1-58338CE0FAED}.Debug|x86.Build.0 = Debug|Win32
		{D0367206-FC33-40A3-A3D1-58338CE0FAED}.Release|x64.ActiveCfg = Release|x64
		{D0367206-FC33-40A3-A3D1-58338CE0FAED}.Release|x64.Build.0 = Release|x64
		{D0367206-FC33-40A3-A3D1-58338CE0FAED}.Release|x86.ActiveCfg = Release|Win32
		{D0367206-FC33-40A3-A3D1-58338CE0FAED}.Release|x86.Build.0 = Release|Win32
	EndGlobalSection
	GlobalSection(SolutionProperties) = preSolution
		HideSolutionNode = FALSE
	EndGlobalSection
	GlobalSection(ExtensibilityGlobals) = postSolution
		SolutionGuid = {911D1DB5-6348-44E2-AD8E-D4B9397D9FAB}
	EndGlobalSection
EndGlobal
