
Microsoft Visual Studio Solution File, Format Version 12.00
# Visual Studio Version 16
VisualStudioVersion = 16.0.30503.244
MinimumVisualStudioVersion = 10.0.40219.1
Project("{8BC9CEB8-8B4A-11D0-8D11-00A0C91BC942}") = "LAB8", "LAB8\LAB8.vcxproj", "{A3C16704-D5EB-4B00-BAB5-9AF7D61CAC64}"
EndProject
Global
	GlobalSection(SolutionConfigurationPlatforms) = preSolution
		Debug|x64 = Debug|x64
		Debug|x86 = Debug|x86
		Release|x64 = Release|x64
		Release|x86 = Release|x86
	EndGlobalSection
	GlobalSection(ProjectConfigurationPlatforms) = postSolution
		{A3C16704-D5EB-4B00-BAB5-9AF7D61CAC64}.Debug|x64.ActiveCfg = Debug|x64
		{A3C16704-D5EB-4B00-BAB5-9AF7D61CAC64}.Debug|x64.Build.0 = Debug|x64
		{A3C16704-D5EB-4B00-BAB5-9AF7D61CAC64}.Debug|x86.ActiveCfg = Debug|Win32
		{A3C16704-D5EB-4B00-BAB5-9AF7D61CAC64}.Debug|x86.Build.0 = Debug|Win32
		{A3C16704-D5EB-4B00-BAB5-9AF7D61CAC64}.Release|x64.ActiveCfg = Release|x64
		{A3C16704-D5EB-4B00-BAB5-9AF7D61CAC64}.Release|x64.Build.0 = Release|x64
		{A3C16704-D5EB-4B00-BAB5-9AF7D61CAC64}.Release|x86.ActiveCfg = Release|Win32
		{A3C16704-D5EB-4B00-BAB5-9AF7D61CAC64}.Release|x86.Build.0 = Release|Win32
	EndGlobalSection
	GlobalSection(SolutionProperties) = preSolution
		HideSolutionNode = FALSE
	EndGlobalSection
	GlobalSection(ExtensibilityGlobals) = postSolution
		SolutionGuid = {7BDDC74B-C4C3-4A1A-9B4A-2092F6594DCA}
	EndGlobalSection
EndGlobal
