
Microsoft Visual Studio Solution File, Format Version 12.00
# Visual Studio Version 16
VisualStudioVersion = 16.0.30503.244
MinimumVisualStudioVersion = 10.0.40219.1
Project("{8BC9CEB8-8B4A-11D0-8D11-00A0C91BC942}") = "LAB8A", "LAB8A\LAB8A.vcxproj", "{E3AEE7AA-F030-486F-98BD-502682FC4B6F}"
EndProject
Global
	GlobalSection(SolutionConfigurationPlatforms) = preSolution
		Debug|x64 = Debug|x64
		Debug|x86 = Debug|x86
		Release|x64 = Release|x64
		Release|x86 = Release|x86
	EndGlobalSection
	GlobalSection(ProjectConfigurationPlatforms) = postSolution
		{E3AEE7AA-F030-486F-98BD-502682FC4B6F}.Debug|x64.ActiveCfg = Debug|x64
		{E3AEE7AA-F030-486F-98BD-502682FC4B6F}.Debug|x64.Build.0 = Debug|x64
		{E3AEE7AA-F030-486F-98BD-502682FC4B6F}.Debug|x86.ActiveCfg = Debug|Win32
		{E3AEE7AA-F030-486F-98BD-502682FC4B6F}.Debug|x86.Build.0 = Debug|Win32
		{E3AEE7AA-F030-486F-98BD-502682FC4B6F}.Release|x64.ActiveCfg = Release|x64
		{E3AEE7AA-F030-486F-98BD-502682FC4B6F}.Release|x64.Build.0 = Release|x64
		{E3AEE7AA-F030-486F-98BD-502682FC4B6F}.Release|x86.ActiveCfg = Release|Win32
		{E3AEE7AA-F030-486F-98BD-502682FC4B6F}.Release|x86.Build.0 = Release|Win32
	EndGlobalSection
	GlobalSection(SolutionProperties) = preSolution
		HideSolutionNode = FALSE
	EndGlobalSection
	GlobalSection(ExtensibilityGlobals) = postSolution
		SolutionGuid = {F47AB02B-C983-427E-A58C-9A6F6866C58A}
	EndGlobalSection
EndGlobal
