
Microsoft Visual Studio Solution File, Format Version 12.00
# Visual Studio Version 16
VisualStudioVersion = 16.0.30503.244
MinimumVisualStudioVersion = 10.0.40219.1
Project("{8BC9CEB8-8B4A-11D0-8D11-00A0C91BC942}") = "LAB6ABC", "LAB6ABC\LAB6ABC.vcxproj", "{78AC1FCF-37C7-4CC7-91F2-A74A0061DBD8}"
EndProject
Global
	GlobalSection(SolutionConfigurationPlatforms) = preSolution
		Debug|x64 = Debug|x64
		Debug|x86 = Debug|x86
		Release|x64 = Release|x64
		Release|x86 = Release|x86
	EndGlobalSection
	GlobalSection(ProjectConfigurationPlatforms) = postSolution
		{78AC1FCF-37C7-4CC7-91F2-A74A0061DBD8}.Debug|x64.ActiveCfg = Debug|x64
		{78AC1FCF-37C7-4CC7-91F2-A74A0061DBD8}.Debug|x64.Build.0 = Debug|x64
		{78AC1FCF-37C7-4CC7-91F2-A74A0061DBD8}.Debug|x86.ActiveCfg = Debug|Win32
		{78AC1FCF-37C7-4CC7-91F2-A74A0061DBD8}.Debug|x86.Build.0 = Debug|Win32
		{78AC1FCF-37C7-4CC7-91F2-A74A0061DBD8}.Release|x64.ActiveCfg = Release|x64
		{78AC1FCF-37C7-4CC7-91F2-A74A0061DBD8}.Release|x64.Build.0 = Release|x64
		{78AC1FCF-37C7-4CC7-91F2-A74A0061DBD8}.Release|x86.ActiveCfg = Release|Win32
		{78AC1FCF-37C7-4CC7-91F2-A74A0061DBD8}.Release|x86.Build.0 = Release|Win32
	EndGlobalSection
	GlobalSection(SolutionProperties) = preSolution
		HideSolutionNode = FALSE
	EndGlobalSection
	GlobalSection(ExtensibilityGlobals) = postSolution
		SolutionGuid = {65B2947E-49EB-4A45-88B4-8668084D12BA}
	EndGlobalSection
EndGlobal
